PODS:
  - AFNetworking (1.3.4)
  - Mixpanel (2.5.3)
  - OLGhostAlertView (1.8.1)

DEPENDENCIES:
  - AFNetworking (~> 1.0)
  - Mixpanel
  - OLGhostAlertView

SPEC CHECKSUMS:
  AFNetworking: cf8e418e16f0c9c7e5c3150d019a3c679d015018
  Mixpanel: aa00f018105f67563bc17b2b17f494c9fc672713
  OLGhostAlertView: 3eb3179a2be9c3a764831d0f958c36bb8ea38b53

COCOAPODS: 0.38.2
