PODS:
  - AFNetworking (1.3.3)
  - Mixpanel (2.2.1)
  - OLGhostAlertView (1.7)

DEPENDENCIES:
  - AFNetworking (~> 1.0)
  - Mixpanel
  - OLGhostAlertView

SPEC CHECKSUMS:
  AFNetworking: 61fdd49e2ffe6380378df37b3b6e70630bb9dd66
  Mixpanel: 488d700d4f769a351bb61afc7d4cabbdeef506e1
  OLGhostAlertView: 9dc999eea3544d91388d4a6cb225dafd70b421e3

COCOAPODS: 0.23.0
